lockVersion: 2.0.0
id: a84d4042-f2ee-4a15-a6ed-f9a5bffa02d0
management:
  docChecksum: 6eb47b75fa44bde6a91dee16ab8738ed
  docVersion: 1.0.0
  speakeasyVersion: 1.295.0
  generationVersion: 2.333.3
  releaseVersion: 0.0.1
  configChecksum: 75a4b0d512afaa33beefd085ff87bab8
features:
  typescript:
    additionalDependencies: 0.1.0
    constsAndDefaults: 0.1.5
    core: 3.9.4
    globalSecurity: 2.82.9
    globalSecurityCallbacks: 0.1.0
    globalSecurityFlattening: 0.1.0
    globalServerURLs: 2.82.4
    responseFormat: 0.2.3
    sdkHooks: 0.1.0
generatedFiles:
  - src/sdk/v3.ts
  - src/sdk/sdk.ts
  - .eslintrc.js
  - .npmignore
  - RUNTIMES.md
  - jsr.json
  - package.json
  - src/index.ts
  - src/lib/base64.ts
  - src/lib/config.ts
  - src/lib/encodings.ts
  - src/lib/http.ts
  - src/lib/retries.ts
  - src/lib/schemas.ts
  - src/lib/sdks.ts
  - src/lib/security.ts
  - src/lib/url.ts
  - src/sdk/index.ts
  - src/models/errors/sdkerror.ts
  - src/models/errors/sdkvalidationerror.ts
  - src/types/blobs.ts
  - src/types/enums.ts
  - src/types/index.ts
  - src/types/operations.ts
  - src/types/rfcdate.ts
  - tsconfig.json
  - src/models/operations/v3challengerequest.ts
  - src/models/operations/v3completerequest.ts
  - src/models/operations/v3startrequest.ts
  - src/models/operations/v3validaterequest.ts
  - src/models/components/v3challengeresponse.ts
  - src/models/components/individual.ts
  - src/models/components/addressentry.ts
  - src/models/components/httpmetadata.ts
  - src/models/components/v3challengerequest.ts
  - src/models/components/v3completeresponse.ts
  - src/models/components/v3completerequest.ts
  - src/models/components/v3startresponse.ts
  - src/models/components/v3startrequest.ts
  - src/models/components/v3validateresponse.ts
  - src/models/components/v3validaterequest.ts
  - src/models/components/security.ts
  - src/models/errors/error.ts
  - src/models/errors/index.ts
  - src/models/operations/index.ts
  - src/models/components/index.ts
  - docs/models/operations/v3challengerequestresponse.md
  - docs/models/operations/v3completerequestresponse.md
  - docs/models/operations/v3startrequestresponse.md
  - docs/models/operations/v3validaterequestresponse.md
  - docs/models/components/v3challengeresponse.md
  - docs/models/components/individual.md
  - docs/models/components/addressentry.md
  - docs/models/components/httpmetadata.md
  - docs/models/components/v3challengerequest.md
  - docs/models/components/v3completeresponse.md
  - docs/models/components/v3completerequest.md
  - docs/models/components/v3startresponse.md
  - docs/models/components/v3startrequest.md
  - docs/models/components/v3validateresponse.md
  - docs/models/components/v3validaterequest.md
  - docs/models/components/security.md
  - docs/models/errors/errort.md
  - USAGE.md
  - .gitattributes
  - src/hooks/hooks.ts
  - src/hooks/types.ts
  - src/hooks/index.ts
