lockVersion: 2.0.0
id: a84d4042-f2ee-4a15-a6ed-f9a5bffa02d0
management:
  docChecksum: b51ef9bad10062257294d76f6d3fe02b
  docVersion: 1.0.0
  speakeasyVersion: 1.304.0
  generationVersion: 2.340.3
  releaseVersion: 0.3.1
  configChecksum: f4c7cdc6e5c55c70d5cfc8f5744bf6cb
  repoURL: https://github.com/prove-identity/prove-sdk-server-typescript.git
  installationURL: https://github.com/prove-identity/prove-sdk-server-typescript
  published: true
features:
  typescript:
    additionalDependencies: 0.1.0
    core: 3.9.13
    examples: 2.81.4
    globalSecurity: 2.82.9
    globalSecurityCallbacks: 0.1.0
    globalServerURLs: 2.82.4
    oauth2ClientCredentials: 0.1.4
    responseFormat: 0.2.3
    sdkHooks: 0.1.0
    serverIDs: 2.81.2
generatedFiles:
  - src/sdk/v3.ts
  - src/sdk/sdk.ts
  - .eslintrc.js
  - .npmignore
  - RUNTIMES.md
  - jsr.json
  - package.json
  - src/index.ts
  - src/lib/base64.ts
  - src/lib/config.ts
  - src/lib/encodings.ts
  - src/lib/http.ts
  - src/lib/is-plain-object.ts
  - src/lib/primitives.ts
  - src/lib/retries.ts
  - src/lib/schemas.ts
  - src/lib/sdks.ts
  - src/lib/security.ts
  - src/lib/url.ts
  - src/sdk/index.ts
  - src/models/errors/sdkerror.ts
  - src/models/errors/sdkvalidationerror.ts
  - src/types/blobs.ts
  - src/types/enums.ts
  - src/types/index.ts
  - src/types/operations.ts
  - src/types/rfcdate.ts
  - tsconfig.json
  - src/models/operations/v3tokenrequest.ts
  - src/models/operations/v3challengerequest.ts
  - src/models/operations/v3completerequest.ts
  - src/models/operations/v3startrequest.ts
  - src/models/operations/v3validaterequest.ts
  - src/models/components/v3tokenresponse.ts
  - src/models/components/httpmetadata.ts
  - src/models/components/v3tokenrequest.ts
  - src/models/components/v3challengeresponse.ts
  - src/models/components/v3challengeindividualrequest.ts
  - src/models/components/v3challengeaddressentryrequest.ts
  - src/models/components/v3challengerequest.ts
  - src/models/components/v3completeresponse.ts
  - src/models/components/v3completerequest.ts
  - src/models/components/v3completeindividualrequest.ts
  - src/models/components/v3completeaddressentryrequest.ts
  - src/models/components/v3startresponse.ts
  - src/models/components/v3startrequest.ts
  - src/models/components/v3validateresponse.ts
  - src/models/components/v3validaterequest.ts
  - src/models/components/security.ts
  - src/models/errors/error.ts
  - src/models/errors/index.ts
  - src/models/operations/index.ts
  - src/models/components/index.ts
  - docs/models/operations/v3tokenrequestresponse.md
  - docs/models/operations/v3challengerequestresponse.md
  - docs/models/operations/v3completerequestresponse.md
  - docs/models/operations/v3startrequestresponse.md
  - docs/models/operations/v3validaterequestresponse.md
  - docs/models/components/v3tokenresponse.md
  - docs/models/components/httpmetadata.md
  - docs/models/components/v3tokenrequest.md
  - docs/models/components/v3challengeresponse.md
  - docs/models/components/v3challengeindividualrequest.md
  - docs/models/components/v3challengeaddressentryrequest.md
  - docs/models/components/v3challengerequest.md
  - docs/models/components/v3completeresponse.md
  - docs/models/components/v3completerequest.md
  - docs/models/components/v3completeindividualrequest.md
  - docs/models/components/v3completeaddressentryrequest.md
  - docs/models/components/v3startresponse.md
  - docs/models/components/v3startrequest.md
  - docs/models/components/v3validateresponse.md
  - docs/models/components/v3validaterequest.md
  - docs/models/components/security.md
  - docs/models/errors/errort.md
  - USAGE.md
  - .gitattributes
  - src/hooks/hooks.ts
  - src/hooks/types.ts
  - src/hooks/index.ts
  - src/hooks/clientcredentials.ts
