speakeasyVersion: 1.299.6
sources:
    my-source:
        sourceNamespace: my-source
        sourceRevisionDigest: sha256:ab998aebdce09de394ff02dfc6c1dafb15317b47d157c9c7af41be20142e872c
        sourceBlobDigest: sha256:1ebae7555dcbea0c358e6dd36af6a1b7c958eba157917f788fcb2dd31979dcae
        tags:
            - latest
            - main
targets:
    my-first-target:
        source: my-source
        sourceNamespace: my-source
        sourceRevisionDigest: sha256:ab998aebdce09de394ff02dfc6c1dafb15317b47d157c9c7af41be20142e872c
        sourceBlobDigest: sha256:1ebae7555dcbea0c358e6dd36af6a1b7c958eba157917f788fcb2dd31979dcae
        outLocation: /github/workspace/repo
workflow:
    workflowVersion: 1.0.0
    speakeasyVersion: latest
    sources:
        my-source:
            inputs:
                - location: https://raw.githubusercontent.com/payfone/prove-openapi/main/orchestration.yaml
                  authHeader: Authorization
                  authSecret: $OPENAPI_DOC_AUTH_TOKEN
            registry:
                location: registry.speakeasyapi.dev/prove/prove-dev/my-source
    targets:
        my-first-target:
            target: typescript
            source: my-source
            publish:
                npm:
                    token: $npm_token
