speakeasyVersion: 1.305.0
sources:
    my-source:
        sourceNamespace: my-source
        sourceRevisionDigest: sha256:104cf90cab0d4dbc9706dea7d2f63b7e3b195662721e109abe57a239da1a057b
        sourceBlobDigest: sha256:6602cf4f3bfefe79edeed11e19967fc79150e9e10eb4e26dc998dc779c35f28e
        tags:
            - latest
            - main
targets:
    my-first-target:
        source: my-source
        sourceNamespace: my-source
        sourceRevisionDigest: sha256:104cf90cab0d4dbc9706dea7d2f63b7e3b195662721e109abe57a239da1a057b
        sourceBlobDigest: sha256:6602cf4f3bfefe79edeed11e19967fc79150e9e10eb4e26dc998dc779c35f28e
        outLocation: /github/workspace/repo
workflow:
    workflowVersion: 1.0.0
    speakeasyVersion: latest
    sources:
        my-source:
            inputs:
                - location: https://raw.githubusercontent.com/payfone/prove-openapi/main/orchestration.yaml
                  authHeader: Authorization
                  authSecret: $OPENAPI_DOC_AUTH_TOKEN
            registry:
                location: registry.speakeasyapi.dev/prove/prove-dev/my-source
    targets:
        my-first-target:
            target: typescript
            source: my-source
            publish:
                npm:
                    token: $npm_token
