speakeasyVersion: 1.313.2
sources:
    my-source:
        sourceNamespace: my-source
        sourceRevisionDigest: sha256:0faacbbcaf4fa9ef0931d1d66d8c806db68ec6598b367be233b2a92beb7f22ee
        sourceBlobDigest: sha256:31fcbff7f57b497764832f688fcdbd26b0f76f026ca61c0a2b6a04fa6c86715e
        tags:
            - latest
            - main
targets:
    my-first-target:
        source: my-source
        sourceNamespace: my-source
        sourceRevisionDigest: sha256:0faacbbcaf4fa9ef0931d1d66d8c806db68ec6598b367be233b2a92beb7f22ee
        sourceBlobDigest: sha256:31fcbff7f57b497764832f688fcdbd26b0f76f026ca61c0a2b6a04fa6c86715e
        outLocation: /github/workspace/repo
workflow:
    workflowVersion: 1.0.0
    speakeasyVersion: latest
    sources:
        my-source:
            inputs:
                - location: https://raw.githubusercontent.com/payfone/prove-openapi/main/orchestration.yaml
                  authHeader: Authorization
                  authSecret: $OPENAPI_DOC_AUTH_TOKEN
            registry:
                location: registry.speakeasyapi.dev/prove/prove-dev/my-source
    targets:
        my-first-target:
            target: typescript
            source: my-source
            publish:
                npm:
                    token: $npm_token
